// !$*UTF8*$!
{
	archiveVersion = 1;
	classes = {
	};
	objectVersion = 46;
	objects = {

/* Begin PBXBuildFile section */
		D6AFA0731DE0B05E00F3B6D8 /* AppDelegate.swift in Sources */ = {isa = PBXBuildFile; fileRef = D6AFA0721DE0B05E00F3B6D8 /* AppDelegate.swift */; };
		D6AFA0751DE0B05E00F3B6D8 /* GameScene.sks in Resources */ = {isa = PBXBuildFile; fileRef = D6AFA0741DE0B05E00F3B6D8 /* GameScene.sks */; };
		D6AFA0771DE0B05E00F3B6D8 /* Actions.sks in Resources */ = {isa = PBXBuildFile; fileRef = D6AFA0761DE0B05E00F3B6D8 /* Actions.sks */; };
		D6AFA0791DE0B05E00F3B6D8 /* GameScene.swift in Sources */ = {isa = PBXBuildFile; fileRef = D6AFA0781DE0B05E00F3B6D8 /* GameScene.swift */; };
		D6AFA07B1DE0B05E00F3B6D8 /* GameViewController.swift in Sources */ = {isa = PBXBuildFile; fileRef = D6AFA07A1DE0B05E00F3B6D8 /* GameViewController.swift */; };
		D6AFA07E1DE0B05E00F3B6D8 /* Main.storyboard in Resources */ = {isa = PBXBuildFile; fileRef = D6AFA07C1DE0B05E00F3B6D8 /* Main.storyboard */; };
		D6AFA0801DE0B05E00F3B6D8 /* Assets.xcassets in Resources */ = {isa = PBXBuildFile; fileRef = D6AFA07F1DE0B05E00F3B6D8 /* Assets.xcassets */; };
		D6AFA0831DE0B05E00F3B6D8 /* LaunchScreen.storyboard in Resources */ = {isa = PBXBuildFile; fileRef = D6AFA0811DE0B05E00F3B6D8 /* LaunchScreen.storyboard */; };
		D6AFA08E1DE0B05F00F3B6D8 /* SpritekitSimpleGameTests.swift in Sources */ = {isa = PBXBuildFile; fileRef = D6AFA08D1DE0B05F00F3B6D8 /* SpritekitSimpleGameTests.swift */; };
		D6AFA0991DE0B05F00F3B6D8 /* SpritekitSimpleGameUITests.swift in Sources */ = {isa = PBXBuildFile; fileRef = D6AFA0981DE0B05F00F3B6D8 /* SpritekitSimpleGameUITests.swift */; };
		D6AFA0A71DE0B11C00F3B6D8 /* Sounds in Resources */ = {isa = PBXBuildFile; fileRef = D6AFA0A61DE0B11C00F3B6D8 /* Sounds */; };
		D6AFA0A91DE0BCFF00F3B6D8 /* GameOverScene.swift in Sources */ = {isa = PBXBuildFile; fileRef = D6AFA0A81DE0BCFF00F3B6D8 /* GameOverScene.swift */; };
		D6AFA0AB1DE0C4C900F3B6D8 /* background-music-aac.caf in Resources */ = {isa = PBXBuildFile; fileRef = D6AFA0AA1DE0C4C900F3B6D8 /* background-music-aac.caf */; };
		D6AFA0AD1DE0C4EB00F3B6D8 /* pew-pew-lei.caf in Resources */ = {isa = PBXBuildFile; fileRef = D6AFA0AC1DE0C4EB00F3B6D8 /* pew-pew-lei.caf */; };
/* End PBXBuildFile section */

/* Begin PBXContainerItemProxy section */
		D6AFA08A1DE0B05E00F3B6D8 /* PBXContainerItemProxy */ = {
			isa = PBXContainerItemProxy;
			containerPortal = D6AFA0671DE0B05E00F3B6D8 /* Project object */;
			proxyType = 1;
			remoteGlobalIDString = D6AFA06E1DE0B05E00F3B6D8;
			remoteInfo = SpritekitSimpleGame;
		};
		D6AFA0951DE0B05F00F3B6D8 /* PBXContainerItemProxy */ = {
			isa = PBXContainerItemProxy;
			containerPortal = D6AFA0671DE0B05E00F3B6D8 /* Project object */;
			proxyType = 1;
			remoteGlobalIDString = D6AFA06E1DE0B05E00F3B6D8;
			remoteInfo = SpritekitSimpleGame;
		};
/* End PBXContainerItemProxy section */

/* Begin PBXFileReference section */
		D6AFA06F1DE0B05E00F3B6D8 /* SpritekitSimpleGame.app */ = {isa = PBXFileReference; explicitFileType = wrapper.application; includeInIndex = 0; path = SpritekitSimpleGame.app; sourceTree = BUILT_PRODUCTS_DIR; };
		D6AFA0721DE0B05E00F3B6D8 /* AppDelegate.swift */ = {isa = PBXFileReference; lastKnownFileType = sourcecode.swift; path = AppDelegate.swift; sourceTree = "<group>"; };
		D6AFA0741DE0B05E00F3B6D8 /* GameScene.sks */ = {isa = PBXFileReference; lastKnownFileType = file.sks; path = GameScene.sks; sourceTree = "<group>"; };
		D6AFA0761DE0B05E00F3B6D8 /* Actions.sks */ = {isa = PBXFileReference; lastKnownFileType = file.sks; path = Actions.sks; sourceTree = "<group>"; };
		D6AFA0781DE0B05E00F3B6D8 /* GameScene.swift */ = {isa = PBXFileReference; lastKnownFileType = sourcecode.swift; path = GameScene.swift; sourceTree = "<group>"; };
		D6AFA07A1DE0B05E00F3B6D8 /* GameViewController.swift */ = {isa = PBXFileReference; lastKnownFileType = sourcecode.swift; path = GameViewController.swift; sourceTree = "<group>"; };
		D6AFA07D1DE0B05E00F3B6D8 /* Base */ = {isa = PBXFileReference; lastKnownFileType = file.storyboard; name = Base; path = Base.lproj/Main.storyboard; sourceTree = "<group>"; };
		D6AFA07F1DE0B05E00F3B6D8 /* Assets.xcassets */ = {isa = PBXFileReference; lastKnownFileType = folder.assetcatalog; path = Assets.xcassets; sourceTree = "<group>"; };
		D6AFA0821DE0B05E00F3B6D8 /* Base */ = {isa = PBXFileReference; lastKnownFileType = file.storyboard; name = Base; path = Base.lproj/LaunchScreen.storyboard; sourceTree = "<group>"; };
		D6AFA0841DE0B05E00F3B6D8 /* Info.plist */ = {isa = PBXFileReference; lastKnownFileType = text.plist.xml; path = Info.plist; sourceTree = "<group>"; };
		D6AFA0891DE0B05E00F3B6D8 /* SpritekitSimpleGameTests.xctest */ = {isa = PBXFileReference; explicitFileType = wrapper.cfbundle; includeInIndex = 0; path = SpritekitSimpleGameTests.xctest; sourceTree = BUILT_PRODUCTS_DIR; };
		D6AFA08D1DE0B05F00F3B6D8 /* SpritekitSimpleGameTests.swift */ = {isa = PBXFileReference; lastKnownFileType = sourcecode.swift; path = SpritekitSimpleGameTests.swift; sourceTree = "<group>"; };
		D6AFA08F1DE0B05F00F3B6D8 /* Info.plist */ = {isa = PBXFileReference; lastKnownFileType = text.plist.xml; path = Info.plist; sourceTree = "<group>"; };
		D6AFA0941DE0B05F00F3B6D8 /* SpritekitSimpleGameUITests.xctest */ = {isa = PBXFileReference; explicitFileType = wrapper.cfbundle; includeInIndex = 0; path = SpritekitSimpleGameUITests.xctest; sourceTree = BUILT_PRODUCTS_DIR; };
		D6AFA0981DE0B05F00F3B6D8 /* SpritekitSimpleGameUITests.swift */ = {isa = PBXFileReference; lastKnownFileType = sourcecode.swift; path = SpritekitSimpleGameUITests.swift; sourceTree = "<group>"; };
		D6AFA09A1DE0B05F00F3B6D8 /* Info.plist */ = {isa = PBXFileReference; lastKnownFileType = text.plist.xml; path = Info.plist; sourceTree = "<group>"; };
		D6AFA0A61DE0B11C00F3B6D8 /* Sounds */ = {isa = PBXFileReference; lastKnownFileType = folder; path = Sounds; sourceTree = "<group>"; };
		D6AFA0A81DE0BCFF00F3B6D8 /* GameOverScene.swift */ = {isa = PBXFileReference; fileEncoding = 4; lastKnownFileType = sourcecode.swift; path = GameOverScene.swift; sourceTree = "<group>"; };
		D6AFA0AA1DE0C4C900F3B6D8 /* background-music-aac.caf */ = {isa = PBXFileReference; lastKnownFileType = file; name = "background-music-aac.caf"; path = "Sounds/background-music-aac.caf"; sourceTree = "<group>"; };
		D6AFA0AC1DE0C4EB00F3B6D8 /* pew-pew-lei.caf */ = {isa = PBXFileReference; lastKnownFileType = file; name = "pew-pew-lei.caf"; path = "Sounds/pew-pew-lei.caf"; sourceTree = "<group>"; };
/* End PBXFileReference section */

/* Begin PBXFrameworksBuildPhase section */
		D6AFA06C1DE0B05E00F3B6D8 /* Frameworks */ = {
			isa = PBXFrameworksBuildPhase;
			buildActionMask = 2147483647;
			files = (
			);
			runOnlyForDeploymentPostprocessing = 0;
		};
		D6AFA0861DE0B05E00F3B6D8 /* Frameworks */ = {
			isa = PBXFrameworksBuildPhase;
			buildActionMask = 2147483647;
			files = (
			);
			runOnlyForDeploymentPostprocessing = 0;
		};
		D6AFA0911DE0B05F00F3B6D8 /* Frameworks */ = {
			isa = PBXFrameworksBuildPhase;
			buildActionMask = 2147483647;
			files = (
			);
			runOnlyForDeploymentPostprocessing = 0;
		};
/* End PBXFrameworksBuildPhase section */

/* Begin PBXGroup section */
		D6AFA0661DE0B05E00F3B6D8 = {
			isa = PBXGroup;
			children = (
				D6AFA0711DE0B05E00F3B6D8 /* SpritekitSimpleGame */,
				D6AFA08C1DE0B05F00F3B6D8 /* SpritekitSimpleGameTests */,
				D6AFA0971DE0B05F00F3B6D8 /* SpritekitSimpleGameUITests */,
				D6AFA0701DE0B05E00F3B6D8 /* Products */,
			);
			sourceTree = "<group>";
		};
		D6AFA0701DE0B05E00F3B6D8 /* Products */ = {
			isa = PBXGroup;
			children = (
				D6AFA06F1DE0B05E00F3B6D8 /* SpritekitSimpleGame.app */,
				D6AFA0891DE0B05E00F3B6D8 /* SpritekitSimpleGameTests.xctest */,
				D6AFA0941DE0B05F00F3B6D8 /* SpritekitSimpleGameUITests.xctest */,
			);
			name = Products;
			sourceTree = "<group>";
		};
		D6AFA0711DE0B05E00F3B6D8 /* SpritekitSimpleGame */ = {
			isa = PBXGroup;
			children = (
				D6AFA0A61DE0B11C00F3B6D8 /* Sounds */,
				D6AFA0721DE0B05E00F3B6D8 /* AppDelegate.swift */,
				D6AFA0741DE0B05E00F3B6D8 /* GameScene.sks */,
				D6AFA0AA1DE0C4C900F3B6D8 /* background-music-aac.caf */,
				D6AFA0761DE0B05E00F3B6D8 /* Actions.sks */,
				D6AFA0781DE0B05E00F3B6D8 /* GameScene.swift */,
				D6AFA0AC1DE0C4EB00F3B6D8 /* pew-pew-lei.caf */,
				D6AFA07A1DE0B05E00F3B6D8 /* GameViewController.swift */,
				D6AFA07C1DE0B05E00F3B6D8 /* Main.storyboard */,
				D6AFA07F1DE0B05E00F3B6D8 /* Assets.xcassets */,
				D6AFA0811DE0B05E00F3B6D8 /* LaunchScreen.storyboard */,
				D6AFA0841DE0B05E00F3B6D8 /* Info.plist */,
				D6AFA0A81DE0BCFF00F3B6D8 /* GameOverScene.swift */,
			);
			path = SpritekitSimpleGame;
			sourceTree = "<group>";
		};
		D6AFA08C1DE0B05F00F3B6D8 /* SpritekitSimpleGameTests */ = {
			isa = PBXGroup;
			children = (
				D6AFA08D1DE0B05F00F3B6D8 /* SpritekitSimpleGameTests.swift */,
				D6AFA08F1DE0B05F00F3B6D8 /* Info.plist */,
			);
			path = SpritekitSimpleGameTests;
			sourceTree = "<group>";
		};
		D6AFA0971DE0B05F00F3B6D8 /* SpritekitSimpleGameUITests */ = {
			isa = PBXGroup;
			children = (
				D6AFA0981DE0B05F00F3B6D8 /* SpritekitSimpleGameUITests.swift */,
				D6AFA09A1DE0B05F00F3B6D8 /* Info.plist */,
			);
			path = SpritekitSimpleGameUITests;
			sourceTree = "<group>";
		};
/* End PBXGroup section */

/* Begin PBXNativeTarget section */
		D6AFA06E1DE0B05E00F3B6D8 /* SpritekitSimpleGame */ = {
			isa = PBXNativeTarget;
			buildConfigurationList = D6AFA09D1DE0B05F00F3B6D8 /* Build configuration list for PBXNativeTarget "SpritekitSimpleGame" */;
			buildPhases = (
				D6AFA06B1DE0B05E00F3B6D8 /* Sources */,
				D6AFA06C1DE0B05E00F3B6D8 /* Frameworks */,
				D6AFA06D1DE0B05E00F3B6D8 /* Resources */,
			);
			buildRules = (
			);
			dependencies = (
			);
			name = SpritekitSimpleGame;
			productName = SpritekitSimpleGame;
			productReference = D6AFA06F1DE0B05E00F3B6D8 /* SpritekitSimpleGame.app */;
			productType = "com.apple.product-type.application";
		};
		D6AFA0881DE0B05E00F3B6D8 /* SpritekitSimpleGameTests */ = {
			isa = PBXNativeTarget;
			buildConfigurationList = D6AFA0A01DE0B05F00F3B6D8 /* Build configuration list for PBXNativeTarget "SpritekitSimpleGameTests" */;
			buildPhases = (
				D6AFA0851DE0B05E00F3B6D8 /* Sources */,
				D6AFA0861DE0B05E00F3B6D8 /* Frameworks */,
				D6AFA0871DE0B05E00F3B6D8 /* Resources */,
			);
			buildRules = (
			);
			dependencies = (
				D6AFA08B1DE0B05E00F3B6D8 /* PBXTargetDependency */,
			);
			name = SpritekitSimpleGameTests;
			productName = SpritekitSimpleGameTests;
			productReference = D6AFA0891DE0B05E00F3B6D8 /* SpritekitSimpleGameTests.xctest */;
			productType = "com.apple.product-type.bundle.unit-test";
		};
		D6AFA0931DE0B05F00F3B6D8 /* SpritekitSimpleGameUITests */ = {
			isa = PBXNativeTarget;
			buildConfigurationList = D6AFA0A31DE0B05F00F3B6D8 /* Build configuration list for PBXNativeTarget "SpritekitSimpleGameUITests" */;
			buildPhases = (
				D6AFA0901DE0B05F00F3B6D8 /* Sources */,
				D6AFA0911DE0B05F00F3B6D8 /* Frameworks */,
				D6AFA0921DE0B05F00F3B6D8 /* Resources */,
			);
			buildRules = (
			);
			dependencies = (
				D6AFA0961DE0B05F00F3B6D8 /* PBXTargetDependency */,
			);
			name = SpritekitSimpleGameUITests;
			productName = SpritekitSimpleGameUITests;
			productReference = D6AFA0941DE0B05F00F3B6D8 /* SpritekitSimpleGameUITests.xctest */;
			productType = "com.apple.product-type.bundle.ui-testing";
		};
/* End PBXNativeTarget section */

/* Begin PBXProject section */
		D6AFA0671DE0B05E00F3B6D8 /* Project object */ = {
			isa = PBXProject;
			attributes = {
				LastSwiftUpdateCheck = 0820;
				LastUpgradeCheck = 0820;
				ORGANIZATIONNAME = "Beverly Lanning";
				TargetAttributes = {
					D6AFA06E1DE0B05E00F3B6D8 = {
						CreatedOnToolsVersion = 8.2;
						DevelopmentTeam = 42KS3LGC46;
						ProvisioningStyle = Automatic;
					};
					D6AFA0881DE0B05E00F3B6D8 = {
						CreatedOnToolsVersion = 8.2;
						DevelopmentTeam = 42KS3LGC46;
						ProvisioningStyle = Automatic;
						TestTargetID = D6AFA06E1DE0B05E00F3B6D8;
					};
					D6AFA0931DE0B05F00F3B6D8 = {
						CreatedOnToolsVersion = 8.2;
						DevelopmentTeam = 42KS3LGC46;
						ProvisioningStyle = Automatic;
						TestTargetID = D6AFA06E1DE0B05E00F3B6D8;
					};
				};
			};
			buildConfigurationList = D6AFA06A1DE0B05E00F3B6D8 /* Build configuration list for PBXProject "SpritekitSimpleGame" */;
			compatibilityVersion = "Xcode 3.2";
			developmentRegion = English;
			hasScannedForEncodings = 0;
			knownRegions = (
				en,
				Base,
			);
			mainGroup = D6AFA0661DE0B05E00F3B6D8;
			productRefGroup = D6AFA0701DE0B05E00F3B6D8 /* Products */;
			projectDirPath = "";
			projectRoot = "";
			targets = (
				D6AFA06E1DE0B05E00F3B6D8 /* SpritekitSimpleGame */,
				D6AFA0881DE0B05E00F3B6D8 /* SpritekitSimpleGameTests */,
				D6AFA0931DE0B05F00F3B6D8 /* SpritekitSimpleGameUITests */,
			);
		};
/* End PBXProject section */

/* Begin PBXResourcesBuildPhase section */
		D6AFA06D1DE0B05E00F3B6D8 /* Resources */ = {
			isa = PBXResourcesBuildPhase;
			buildActionMask = 2147483647;
			files = (
				D6AFA0A71DE0B11C00F3B6D8 /* Sounds in Resources */,
				D6AFA0AB1DE0C4C900F3B6D8 /* background-music-aac.caf in Resources */,
				D6AFA07E1DE0B05E00F3B6D8 /* Main.storyboard in Resources */,
				D6AFA0AD1DE0C4EB00F3B6D8 /* pew-pew-lei.caf in Resources */,
				D6AFA0751DE0B05E00F3B6D8 /* GameScene.sks in Resources */,
				D6AFA0801DE0B05E00F3B6D8 /* Assets.xcassets in Resources */,
				D6AFA0831DE0B05E00F3B6D8 /* LaunchScreen.storyboard in Resources */,
				D6AFA0771DE0B05E00F3B6D8 /* Actions.sks in Resources */,
			);
			runOnlyForDeploymentPostprocessing = 0;
		};
		D6AFA0871DE0B05E00F3B6D8 /* Resources */ = {
			isa = PBXResourcesBuildPhase;
			buildActionMask = 2147483647;
			files = (
			);
			runOnlyForDeploymentPostprocessing = 0;
		};
		D6AFA0921DE0B05F00F3B6D8 /* Resources */ = {
			isa = PBXResourcesBuildPhase;
			buildActionMask = 2147483647;
			files = (
			);
			runOnlyForDeploymentPostprocessing = 0;
		};
/* End PBXResourcesBuildPhase section */

/* Begin PBXSourcesBuildPhase section */
		D6AFA06B1DE0B05E00F3B6D8 /* Sources */ = {
			isa = PBXSourcesBuildPhase;
			buildActionMask = 2147483647;
			files = (
				D6AFA0791DE0B05E00F3B6D8 /* GameScene.swift in Sources */,
				D6AFA07B1DE0B05E00F3B6D8 /* GameViewController.swift in Sources */,
				D6AFA0A91DE0BCFF00F3B6D8 /* GameOverScene.swift in Sources */,
				D6AFA0731DE0B05E00F3B6D8 /* AppDelegate.swift in Sources */,
			);
			runOnlyForDeploymentPostprocessing = 0;
		};
		D6AFA0851DE0B05E00F3B6D8 /* Sources */ = {
			isa = PBXSourcesBuildPhase;
			buildActionMask = 2147483647;
			files = (
				D6AFA08E1DE0B05F00F3B6D8 /* SpritekitSimpleGameTests.swift in Sources */,
			);
			runOnlyForDeploymentPostprocessing = 0;
		};
		D6AFA0901DE0B05F00F3B6D8 /* Sources */ = {
			isa = PBXSourcesBuildPhase;
			buildActionMask = 2147483647;
			files = (
				D6AFA0991DE0B05F00F3B6D8 /* SpritekitSimpleGameUITests.swift in Sources */,
			);
			runOnlyForDeploymentPostprocessing = 0;
		};
/* End PBXSourcesBuildPhase section */

/* Begin PBXTargetDependency section */
		D6AFA08B1DE0B05E00F3B6D8 /* PBXTargetDependency */ = {
			isa = PBXTargetDependency;
			target = D6AFA06E1DE0B05E00F3B6D8 /* SpritekitSimpleGame */;
			targetProxy = D6AFA08A1DE0B05E00F3B6D8 /* PBXContainerItemProxy */;
		};
		D6AFA0961DE0B05F00F3B6D8 /* PBXTargetDependency */ = {
			isa = PBXTargetDependency;
			target = D6AFA06E1DE0B05E00F3B6D8 /* SpritekitSimpleGame */;
			targetProxy = D6AFA0951DE0B05F00F3B6D8 /* PBXContainerItemProxy */;
		};
/* End PBXTargetDependency section */

/* Begin PBXVariantGroup section */
		D6AFA07C1DE0B05E00F3B6D8 /* Main.storyboard */ = {
			isa = PBXVariantGroup;
			children = (
				D6AFA07D1DE0B05E00F3B6D8 /* Base */,
			);
			name = Main.storyboard;
			sourceTree = "<group>";
		};
		D6AFA0811DE0B05E00F3B6D8 /* LaunchScreen.storyboard */ = {
			isa = PBXVariantGroup;
			children = (
				D6AFA0821DE0B05E00F3B6D8 /* Base */,
			);
			name = LaunchScreen.storyboard;
			sourceTree = "<group>";
		};
/* End PBXVariantGroup section */

/* Begin XCBuildConfiguration section */
		D6AFA09B1DE0B05F00F3B6D8 /* Debug */ = {
			isa = XCBuildConfiguration;
			buildSettings = {
				ALWAYS_SEARCH_USER_PATHS = NO;
				CLANG_ANALYZER_NONNULL = YES;
				CLANG_CXX_LANGUAGE_STANDARD = "gnu++0x";
				CLANG_CXX_LIBRARY = "libc++";
				CLANG_ENABLE_MODULES = YES;
				CLANG_ENABLE_OBJC_ARC = YES;
				CLANG_WARN_BOOL_CONVERSION = YES;
				CLANG_WARN_CONSTANT_CONVERSION = YES;
				CLANG_WARN_DIRECT_OBJC_ISA_USAGE = YES_ERROR;
				CLANG_WARN_DOCUMENTATION_COMMENTS = YES;
				CLANG_WARN_EMPTY_BODY = YES;
				CLANG_WARN_ENUM_CONVERSION = YES;
				CLANG_WARN_INFINITE_RECURSION = YES;
				CLANG_WARN_INT_CONVERSION = YES;
				CLANG_WARN_OBJC_ROOT_CLASS = YES_ERROR;
				CLANG_WARN_SUSPICIOUS_MOVE = YES;
				CLANG_WARN_UNREACHABLE_CODE = YES;
				CLANG_WARN__DUPLICATE_METHOD_MATCH = YES;
				"CODE_SIGN_IDENTITY[sdk=iphoneos*]" = "iPhone Developer";
				COPY_PHASE_STRIP = NO;
				DEBUG_INFORMATION_FORMAT = dwarf;
				ENABLE_STRICT_OBJC_MSGSEND = YES;
				ENABLE_TESTABILITY = YES;
				GCC_C_LANGUAGE_STANDARD = gnu99;
				GCC_DYNAMIC_NO_PIC = NO;
				GCC_NO_COMMON_BLOCKS = YES;
				GCC_OPTIMIZATION_LEVEL = 0;
				GCC_PREPROCESSOR_DEFINITIONS = (
					"DEBUG=1",
					"$(inherited)",
				);
				GCC_WARN_64_TO_32_BIT_CONVERSION = YES;
				GCC_WARN_ABOUT_RETURN_TYPE = YES_ERROR;
				GCC_WARN_UNDECLARED_SELECTOR = YES;
				GCC_WARN_UNINITIALIZED_AUTOS = YES_AGGRESSIVE;
				GCC_WARN_UNUSED_FUNCTION = YES;
				GCC_WARN_UNUSED_VARIABLE = YES;
				IPHONEOS_DEPLOYMENT_TARGET = 10.2;
				MTL_ENABLE_DEBUG_INFO = YES;
				ONLY_ACTIVE_ARCH = YES;
				SDKROOT = iphoneos;
				SWIFT_ACTIVE_COMPILATION_CONDITIONS = DEBUG;
				SWIFT_OPTIMIZATION_LEVEL = "-Onone";
			};
			name = Debug;
		};
		D6AFA09C1DE0B05F00F3B6D8 /* Release */ = {
			isa = XCBuildConfiguration;
			buildSettings = {
				ALWAYS_SEARCH_USER_PATHS = NO;
				CLANG_ANALYZER_NONNULL = YES;
				CLANG_CXX_LANGUAGE_STANDARD = "gnu++0x";
				CLANG_CXX_LIBRARY = "libc++";
				CLANG_ENABLE_MODULES = YES;
				CLANG_ENABLE_OBJC_ARC = YES;
				CLANG_WARN_BOOL_CONVERSION = YES;
				CLANG_WARN_CONSTANT_CONVERSION = YES;
				CLANG_WARN_DIRECT_OBJC_ISA_USAGE = YES_ERROR;
				CLANG_WARN_DOCUMENTATION_COMMENTS = YES;
				CLANG_WARN_EMPTY_BODY = YES;
				CLANG_WARN_ENUM_CONVERSION = YES;
				CLANG_WARN_INFINITE_RECURSION = YES;
				CLANG_WARN_INT_CONVERSION = YES;
				CLANG_WARN_OBJC_ROOT_CLASS = YES_ERROR;
				CLANG_WARN_SUSPICIOUS_MOVE = YES;
				CLANG_WARN_UNREACHABLE_CODE = YES;
				CLANG_WARN__DUPLICATE_METHOD_MATCH = YES;
				"CODE_SIGN_IDENTITY[sdk=iphoneos*]" = "iPhone Developer";
				COPY_PHASE_STRIP = NO;
				DEBUG_INFORMATION_FORMAT = "dwarf-with-dsym";
				ENABLE_NS_ASSERTIONS = NO;
				ENABLE_STRICT_OBJC_MSGSEND = YES;
				GCC_C_LANGUAGE_STANDARD = gnu99;
				GCC_NO_COMMON_BLOCKS = YES;
				GCC_WARN_64_TO_32_BIT_CONVERSION = YES;
				GCC_WARN_ABOUT_RETURN_TYPE = YES_ERROR;
				GCC_WARN_UNDECLARED_SELECTOR = YES;
				GCC_WARN_UNINITIALIZED_AUTOS = YES_AGGRESSIVE;
				GCC_WARN_UNUSED_FUNCTION = YES;
				GCC_WARN_UNUSED_VARIABLE = YES;
				IPHONEOS_DEPLOYMENT_TARGET = 10.2;
				MTL_ENABLE_DEBUG_INFO = NO;
				SDKROOT = iphoneos;
				SWIFT_OPTIMIZATION_LEVEL = "-Owholemodule";
				VALIDATE_PRODUCT = YES;
			};
			name = Release;
		};
		D6AFA09E1DE0B05F00F3B6D8 /* Debug */ = {
			isa = XCBuildConfiguration;
			buildSettings = {
				ASSETCATALOG_COMPILER_APPICON_NAME = AppIcon;
				ASSETCATALOG_COMPILER_LAUNCHIMAGE_NAME = LaunchImage;
				DEVELOPMENT_TEAM = 42KS3LGC46;
				INFOPLIST_FILE = SpritekitSimpleGame/Info.plist;
				IPHONEOS_DEPLOYMENT_TARGET = 10.2;
				LD_RUNPATH_SEARCH_PATHS = "$(inherited) @executable_path/Frameworks";
				PRODUCT_BUNDLE_IDENTIFIER = com.beverly.SpritekitSimpleGame;
				PRODUCT_NAME = "$(TARGET_NAME)";
				SWIFT_VERSION = 3.0;
			};
			name = Debug;
		};
		D6AFA09F1DE0B05F00F3B6D8 /* Release */ = {
			isa = XCBuildConfiguration;
			buildSettings = {
				ASSETCATALOG_COMPILER_APPICON_NAME = AppIcon;
				ASSETCATALOG_COMPILER_LAUNCHIMAGE_NAME = LaunchImage;
				DEVELOPMENT_TEAM = 42KS3LGC46;
				INFOPLIST_FILE = SpritekitSimpleGame/Info.plist;
				IPHONEOS_DEPLOYMENT_TARGET = 10.2;
				LD_RUNPATH_SEARCH_PATHS = "$(inherited) @executable_path/Frameworks";
				PRODUCT_BUNDLE_IDENTIFIER = com.beverly.SpritekitSimpleGame;
				PRODUCT_NAME = "$(TARGET_NAME)";
				SWIFT_VERSION = 3.0;
			};
			name = Release;
		};
		D6AFA0A11DE0B05F00F3B6D8 /* Debug */ = {
			isa = XCBuildConfiguration;
			buildSettings = {
				ALWAYS_EMBED_SWIFT_STANDARD_LIBRARIES = YES;
				BUNDLE_LOADER = "$(TEST_HOST)";
				DEVELOPMENT_TEAM = 42KS3LGC46;
				INFOPLIST_FILE = SpritekitSimpleGameTests/Info.plist;
				LD_RUNPATH_SEARCH_PATHS = "$(inherited) @executable_path/Frameworks @loader_path/Frameworks";
				PRODUCT_BUNDLE_IDENTIFIER = com.beverly.SpritekitSimpleGameTests;
				PRODUCT_NAME = "$(TARGET_NAME)";
				SWIFT_VERSION = 3.0;
				TEST_HOST = "$(BUILT_PRODUCTS_DIR)/SpritekitSimpleGame.app/SpritekitSimpleGame";
			};
			name = Debug;
		};
		D6AFA0A21DE0B05F00F3B6D8 /* Release */ = {
			isa = XCBuildConfiguration;
			buildSettings = {
				ALWAYS_EMBED_SWIFT_STANDARD_LIBRARIES = YES;
				BUNDLE_LOADER = "$(TEST_HOST)";
				DEVELOPMENT_TEAM = 42KS3LGC46;
				INFOPLIST_FILE = SpritekitSimpleGameTests/Info.plist;
				LD_RUNPATH_SEARCH_PATHS = "$(inherited) @executable_path/Frameworks @loader_path/Frameworks";
				PRODUCT_BUNDLE_IDENTIFIER = com.beverly.SpritekitSimpleGameTests;
				PRODUCT_NAME = "$(TARGET_NAME)";
				SWIFT_VERSION = 3.0;
				TEST_HOST = "$(BUILT_PRODUCTS_DIR)/SpritekitSimpleGame.app/SpritekitSimpleGame";
			};
			name = Release;
		};
		D6AFA0A41DE0B05F00F3B6D8 /* Debug */ = {
			isa = XCBuildConfiguration;
			buildSettings = {
				ALWAYS_EMBED_SWIFT_STANDARD_LIBRARIES = YES;
				DEVELOPMENT_TEAM = 42KS3LGC46;
				INFOPLIST_FILE = SpritekitSimpleGameUITests/Info.plist;
				LD_RUNPATH_SEARCH_PATHS = "$(inherited) @executable_path/Frameworks @loader_path/Frameworks";
				PRODUCT_BUNDLE_IDENTIFIER = com.beverly.SpritekitSimpleGameUITests;
				PRODUCT_NAME = "$(TARGET_NAME)";
				SWIFT_VERSION = 3.0;
				TEST_TARGET_NAME = SpritekitSimpleGame;
			};
			name = Debug;
		};
		D6AFA0A51DE0B05F00F3B6D8 /* Release */ = {
			isa = XCBuildConfiguration;
			buildSettings = {
				ALWAYS_EMBED_SWIFT_STANDARD_LIBRARIES = YES;
				DEVELOPMENT_TEAM = 42KS3LGC46;
				INFOPLIST_FILE = SpritekitSimpleGameUITests/Info.plist;
				LD_RUNPATH_SEARCH_PATHS = "$(inherited) @executable_path/Frameworks @loader_path/Frameworks";
				PRODUCT_BUNDLE_IDENTIFIER = com.beverly.SpritekitSimpleGameUITests;
				PRODUCT_NAME = "$(TARGET_NAME)";
				SWIFT_VERSION = 3.0;
				TEST_TARGET_NAME = SpritekitSimpleGame;
			};
			name = Release;
		};
/* End XCBuildConfiguration section */

/* Begin XCConfigurationList section */
		D6AFA06A1DE0B05E00F3B6D8 /* Build configuration list for PBXProject "SpritekitSimpleGame" */ = {
			isa = XCConfigurationList;
			buildConfigurations = (
				D6AFA09B1DE0B05F00F3B6D8 /* Debug */,
				D6AFA09C1DE0B05F00F3B6D8 /* Release */,
			);
			defaultConfigurationIsVisible = 0;
			defaultConfigurationName = Release;
		};
		D6AFA09D1DE0B05F00F3B6D8 /* Build configuration list for PBXNativeTarget "SpritekitSimpleGame" */ = {
			isa = XCConfigurationList;
			buildConfigurations = (
				D6AFA09E1DE0B05F00F3B6D8 /* Debug */,
				D6AFA09F1DE0B05F00F3B6D8 /* Release */,
			);
			defaultConfigurationIsVisible = 0;
		};
		D6AFA0A01DE0B05F00F3B6D8 /* Build configuration list for PBXNativeTarget "SpritekitSimpleGameTests" */ = {
			isa = XCConfigurationList;
			buildConfigurations = (
				D6AFA0A11DE0B05F00F3B6D8 /* Debug */,
				D6AFA0A21DE0B05F00F3B6D8 /* Release */,
			);
			defaultConfigurationIsVisible = 0;
		};
		D6AFA0A31DE0B05F00F3B6D8 /* Build configuration list for PBXNativeTarget "SpritekitSimpleGameUITests" */ = {
			isa = XCConfigurationList;
			buildConfigurations = (
				D6AFA0A41DE0B05F00F3B6D8 /* Debug */,
				D6AFA0A51DE0B05F00F3B6D8 /* Release */,
			);
			defaultConfigurationIsVisible = 0;
		};
/* End XCConfigurationList section */
	};
	rootObject = D6AFA0671DE0B05E00F3B6D8 /* Project object */;
}
